
Microsoft Visual Studio Solution File, Format Version 12.00
# Visual Studio 15
Project("{FAE04EC0-301F-11D3-BF4B-00C04F79EFBC}") = "Assembly-CSharp", "Assembly-CSharp.csproj", "{BCBBBEB8-73EB-CD57-2CE5-29B7B2EB9116}"
EndProject
Project("{FAE04EC0-301F-11D3-BF4B-00C04F79EFBC}") = "Assembly-CSharp-firstpass", "Assembly-CSharp-firstpass.csproj", "{0E437CFF-B341-7E08-D404-2A8B7675B8D6}"
EndProject
Project("{FAE04EC0-301F-11D3-BF4B-00C04F79EFBC}") = "Assembly-CSharp-Editor-firstpass", "Assembly-CSharp-Editor-firstpass.csproj", "{385931D6-ACB0-8BA8-FEF4-1873FE285E37}"
EndProject
Global
	GlobalSection(SolutionConfigurationPlatforms) = preSolution
		Debug|Any CPU = Debug|Any CPU
		Release|Any CPU = Release|Any CPU
	EndGlobalSection
	GlobalSection(ProjectConfigurationPlatforms) = postSolution
		{BCBBBEB8-73EB-CD57-2CE5-29B7B2EB9116}.Debug|Any CPU.ActiveCfg = Debug|Any CPU
		{BCBBBEB8-73EB-CD57-2CE5-29B7B2EB9116}.Debug|Any CPU.Build.0 = Debug|Any CPU
		{BCBBBEB8-73EB-CD57-2CE5-29B7B2EB9116}.Release|Any CPU.ActiveCfg = Release|Any CPU
		{BCBBBEB8-73EB-CD57-2CE5-29B7B2EB9116}.Release|Any CPU.Build.0 = Release|Any CPU
		{0E437CFF-B341-7E08-D404-2A8B7675B8D6}.Debug|Any CPU.ActiveCfg = Debug|Any CPU
		{0E437CFF-B341-7E08-D404-2A8B7675B8D6}.Debug|Any CPU.Build.0 = Debug|Any CPU
		{0E437CFF-B341-7E08-D404-2A8B7675B8D6}.Release|Any CPU.ActiveCfg = Release|Any CPU
		{0E437CFF-B341-7E08-D404-2A8B7675B8D6}.Release|Any CPU.Build.0 = Release|Any CPU
		{385931D6-ACB0-8BA8-FEF4-1873FE285E37}.Debug|Any CPU.ActiveCfg = Debug|Any CPU
		{385931D6-ACB0-8BA8-FEF4-1873FE285E37}.Debug|Any CPU.Build.0 = Debug|Any CPU
		{385931D6-ACB0-8BA8-FEF4-1873FE285E37}.Release|Any CPU.ActiveCfg = Release|Any CPU
		{385931D6-ACB0-8BA8-FEF4-1873FE285E37}.Release|Any CPU.Build.0 = Release|Any CPU
	EndGlobalSection
	GlobalSection(SolutionProperties) = preSolution
		HideSolutionNode = FALSE
	EndGlobalSection
EndGlobal
